
Microsoft Visual Studio Solution File, Format Version 12.00
# Visual Studio Version 17
VisualStudioVersion = 17.14.36221.1 d17.14
MinimumVisualStudioVersion = 10.0.40219.1
Project("{FAE04EC0-301F-11D3-BF4B-00C04F79EFBC}") = "PR4", "PR4\PR4.csproj", "{FDD1D861-2127-4396-9E68-88D04FBCD404}"
EndProject
Global
	GlobalSection(SolutionConfigurationPlatforms) = preSolution
		Debug|Any CPU = Debug|Any CPU
		Release|Any CPU = Release|Any CPU
	EndGlobalSection
	GlobalSection(ProjectConfigurationPlatforms) = postSolution
		{FDD1D861-2127-4396-9E68-88D04FBCD404}.Debug|Any CPU.ActiveCfg = Debug|Any CPU
		{FDD1D861-2127-4396-9E68-88D04FBCD404}.Debug|Any CPU.Build.0 = Debug|Any CPU
		{FDD1D861-2127-4396-9E68-88D04FBCD404}.Release|Any CPU.ActiveCfg = Release|Any CPU
		{FDD1D861-2127-4396-9E68-88D04FBCD404}.Release|Any CPU.Build.0 = Release|Any CPU
	EndGlobalSection
	GlobalSection(SolutionProperties) = preSolution
		HideSolutionNode = FALSE
	EndGlobalSection
	GlobalSection(ExtensibilityGlobals) = postSolution
		SolutionGuid = {809F504C-420E-44F8-82D8-DDF29B25E2FB}
	EndGlobalSection
EndGlobal
